// !$*UTF8*$!
{
	archiveVersion = 1;
	classes = {
	};
	objectVersion = 50;
	objects = {

/* Begin PBXBuildFile section */
		3880638A226D54B100A4BEAC /* AppDelegate.swift in Sources */ = {isa = PBXBuildFile; fileRef = 38806389226D54B100A4BEAC /* AppDelegate.swift */; };
		3880638C226D54B100A4BEAC /* ViewController.swift in Sources */ = {isa = PBXBuildFile; fileRef = 3880638B226D54B100A4BEAC /* ViewController.swift */; };
		3880638F226D54B100A4BEAC /* Main.storyboard in Resources */ = {isa = PBXBuildFile; fileRef = 3880638D226D54B100A4BEAC /* Main.storyboard */; };
		38806391226D54B400A4BEAC /* Assets.xcassets in Resources */ = {isa = PBXBuildFile; fileRef = 38806390226D54B400A4BEAC /* Assets.xcassets */; };
		38806394226D54B400A4BEAC /* LaunchScreen.storyboard in Resources */ = {isa = PBXBuildFile; fileRef = 38806392226D54B400A4BEAC /* LaunchScreen.storyboard */; };
		3880639D226D647D00A4BEAC /* ClientManager.swift in Sources */ = {isa = PBXBuildFile; fileRef = 3880639B226D647D00A4BEAC /* ClientManager.swift */; };
		3880639E226D647D00A4BEAC /* ServerManager.swift in Sources */ = {isa = PBXBuildFile; fileRef = 3880639C226D647D00A4BEAC /* ServerManager.swift */; };
		38AA0276229FF8D000755C8D /* IMMessage.proto in Sources */ = {isa = PBXBuildFile; fileRef = 38AA0274229FF8D000755C8D /* IMMessage.proto */; };
		38AA027D229FFA7A00755C8D /* Immessage.proto.swift in Sources */ = {isa = PBXBuildFile; fileRef = 38AA027C229FFA7A00755C8D /* Immessage.proto.swift */; };
		38AA027F22A0D69F00755C8D /* Checksum.swift in Sources */ = {isa = PBXBuildFile; fileRef = 38AA027E22A0D69E00755C8D /* Checksum.swift */; };
		38FAF09E2283B23300BCE225 /* ChatMessage.swift in Sources */ = {isa = PBXBuildFile; fileRef = 38FAF09C2283B23300BCE225 /* ChatMessage.swift */; };
		38FAF09F2283B23300BCE225 /* RealmTool.swift in Sources */ = {isa = PBXBuildFile; fileRef = 38FAF09D2283B23300BCE225 /* RealmTool.swift */; };
		B8C45D95F81E96D52C27BFA7 /* Pods_server.framework in Frameworks */ = {isa = PBXBuildFile; fileRef = 09D2AE5B17C16D1B1079E497 /* Pods_server.framework */; };
/* End PBXBuildFile section */

/* Begin PBXFileReference section */
		09D2AE5B17C16D1B1079E497 /* Pods_server.framework */ = {isa = PBXFileReference; explicitFileType = wrapper.framework; includeInIndex = 0; path = Pods_server.framework; sourceTree = BUILT_PRODUCTS_DIR; };
		38806386226D54B100A4BEAC /* server.app */ = {isa = PBXFileReference; explicitFileType = wrapper.application; includeInIndex = 0; path = server.app; sourceTree = BUILT_PRODUCTS_DIR; };
		38806389226D54B100A4BEAC /* AppDelegate.swift */ = {isa = PBXFileReference; lastKnownFileType = sourcecode.swift; path = AppDelegate.swift; sourceTree = "<group>"; };
		3880638B226D54B100A4BEAC /* ViewController.swift */ = {isa = PBXFileReference; lastKnownFileType = sourcecode.swift; path = ViewController.swift; sourceTree = "<group>"; };
		3880638E226D54B100A4BEAC /* Base */ = {isa = PBXFileReference; lastKnownFileType = file.storyboard; name = Base; path = Base.lproj/Main.storyboard; sourceTree = "<group>"; };
		38806390226D54B400A4BEAC /* Assets.xcassets */ = {isa = PBXFileReference; lastKnownFileType = folder.assetcatalog; path = Assets.xcassets; sourceTree = "<group>"; };
		38806393226D54B400A4BEAC /* Base */ = {isa = PBXFileReference; lastKnownFileType = file.storyboard; name = Base; path = Base.lproj/LaunchScreen.storyboard; sourceTree = "<group>"; };
		38806395226D54B400A4BEAC /* Info.plist */ = {isa = PBXFileReference; lastKnownFileType = text.plist.xml; path = Info.plist; sourceTree = "<group>"; };
		3880639B226D647D00A4BEAC /* ClientManager.swift */ = {isa = PBXFileReference; fileEncoding = 4; lastKnownFileType = sourcecode.swift; path = ClientManager.swift; sourceTree = "<group>"; };
		3880639C226D647D00A4BEAC /* ServerManager.swift */ = {isa = PBXFileReference; fileEncoding = 4; lastKnownFileType = sourcecode.swift; path = ServerManager.swift; sourceTree = "<group>"; };
		38AA0274229FF8D000755C8D /* IMMessage.proto */ = {isa = PBXFileReference; fileEncoding = 4; lastKnownFileType = sourcecode.protobuf; name = IMMessage.proto; path = ../../WeChat/WeChat/Realm/IMMessage.proto; sourceTree = "<group>"; };
		38AA027C229FFA7A00755C8D /* Immessage.proto.swift */ = {isa = PBXFileReference; fileEncoding = 4; lastKnownFileType = sourcecode.swift; name = Immessage.proto.swift; path = ../../WeChat/WeChat/Realm/Immessage.proto.swift; sourceTree = "<group>"; };
		38AA027E22A0D69E00755C8D /* Checksum.swift */ = {isa = PBXFileReference; lastKnownFileType = sourcecode.swift; path = Checksum.swift; sourceTree = "<group>"; };
		38FAF09C2283B23300BCE225 /* ChatMessage.swift */ = {isa = PBXFileReference; fileEncoding = 4; lastKnownFileType = sourcecode.swift; path = ChatMessage.swift; sourceTree = "<group>"; };
		38FAF09D2283B23300BCE225 /* RealmTool.swift */ = {isa = PBXFileReference; fileEncoding = 4; lastKnownFileType = sourcecode.swift; path = RealmTool.swift; sourceTree = "<group>"; };
		F1A4EE434EA8274164E644D0 /* Pods-server.debug.xcconfig */ = {isa = PBXFileReference; includeInIndex = 1; lastKnownFileType = text.xcconfig; name = "Pods-server.debug.xcconfig"; path = "Pods/Target Support Files/Pods-server/Pods-server.debug.xcconfig"; sourceTree = "<group>"; };
		FD0EFE8F596A5FFB014877AA /* Pods-server.release.xcconfig */ = {isa = PBXFileReference; includeInIndex = 1; lastKnownFileType = text.xcconfig; name = "Pods-server.release.xcconfig"; path = "Pods/Target Support Files/Pods-server/Pods-server.release.xcconfig"; sourceTree = "<group>"; };
/* End PBXFileReference section */

/* Begin PBXFrameworksBuildPhase section */
		38806383226D54B100A4BEAC /* Frameworks */ = {
			isa = PBXFrameworksBuildPhase;
			buildActionMask = 2147483647;
			files = (
				B8C45D95F81E96D52C27BFA7 /* Pods_server.framework in Frameworks */,
			);
			runOnlyForDeploymentPostprocessing = 0;
		};
/* End PBXFrameworksBuildPhase section */

/* Begin PBXGroup section */
		046F594EB20BEB5FC4D215E8 /* Frameworks */ = {
			isa = PBXGroup;
			children = (
				09D2AE5B17C16D1B1079E497 /* Pods_server.framework */,
			);
			name = Frameworks;
			sourceTree = "<group>";
		};
		3880637D226D54B000A4BEAC = {
			isa = PBXGroup;
			children = (
				38FAF09B2283B23300BCE225 /* RealmSwift */,
				38806388226D54B100A4BEAC /* server */,
				38806387226D54B100A4BEAC /* Products */,
				9FB2AE0565B76563D4C0E879 /* Pods */,
				046F594EB20BEB5FC4D215E8 /* Frameworks */,
			);
			sourceTree = "<group>";
		};
		38806387226D54B100A4BEAC /* Products */ = {
			isa = PBXGroup;
			children = (
				38806386226D54B100A4BEAC /* server.app */,
			);
			name = Products;
			sourceTree = "<group>";
		};
		38806388226D54B100A4BEAC /* server */ = {
			isa = PBXGroup;
			children = (
				38806389226D54B100A4BEAC /* AppDelegate.swift */,
				3880638B226D54B100A4BEAC /* ViewController.swift */,
				3880639B226D647D00A4BEAC /* ClientManager.swift */,
				3880639C226D647D00A4BEAC /* ServerManager.swift */,
				38AA027E22A0D69E00755C8D /* Checksum.swift */,
				3880638D226D54B100A4BEAC /* Main.storyboard */,
				38806390226D54B400A4BEAC /* Assets.xcassets */,
				38806392226D54B400A4BEAC /* LaunchScreen.storyboard */,
				38806395226D54B400A4BEAC /* Info.plist */,
			);
			path = server;
			sourceTree = "<group>";
		};
		38FAF09B2283B23300BCE225 /* RealmSwift */ = {
			isa = PBXGroup;
			children = (
				38FAF09C2283B23300BCE225 /* ChatMessage.swift */,
				38FAF09D2283B23300BCE225 /* RealmTool.swift */,
				38AA027C229FFA7A00755C8D /* Immessage.proto.swift */,
				38AA0274229FF8D000755C8D /* IMMessage.proto */,
			);
			path = RealmSwift;
			sourceTree = "<group>";
		};
		9FB2AE0565B76563D4C0E879 /* Pods */ = {
			isa = PBXGroup;
			children = (
				F1A4EE434EA8274164E644D0 /* Pods-server.debug.xcconfig */,
				FD0EFE8F596A5FFB014877AA /* Pods-server.release.xcconfig */,
			);
			name = Pods;
			sourceTree = "<group>";
		};
/* End PBXGroup section */

/* Begin PBXNativeTarget section */
		38806385226D54B100A4BEAC /* server */ = {
			isa = PBXNativeTarget;
			buildConfigurationList = 38806398226D54B400A4BEAC /* Build configuration list for PBXNativeTarget "server" */;
			buildPhases = (
				BD85F9CA3F9ADA75113BC6E6 /* [CP] Check Pods Manifest.lock */,
				38806382226D54B100A4BEAC /* Sources */,
				38806383226D54B100A4BEAC /* Frameworks */,
				38806384226D54B100A4BEAC /* Resources */,
				14F0271CB1B86CEF1B67C663 /* [CP] Embed Pods Frameworks */,
			);
			buildRules = (
			);
			dependencies = (
			);
			name = server;
			productName = server;
			productReference = 38806386226D54B100A4BEAC /* server.app */;
			productType = "com.apple.product-type.application";
		};
/* End PBXNativeTarget section */

/* Begin PBXProject section */
		3880637E226D54B000A4BEAC /* Project object */ = {
			isa = PBXProject;
			attributes = {
				LastSwiftUpdateCheck = 1010;
				LastUpgradeCheck = 1010;
				ORGANIZATIONNAME = panzhijun;
				TargetAttributes = {
					38806385226D54B100A4BEAC = {
						CreatedOnToolsVersion = 10.1;
					};
				};
			};
			buildConfigurationList = 38806381226D54B000A4BEAC /* Build configuration list for PBXProject "server" */;
			compatibilityVersion = "Xcode 9.3";
			developmentRegion = en;
			hasScannedForEncodings = 0;
			knownRegions = (
				en,
				Base,
			);
			mainGroup = 3880637D226D54B000A4BEAC;
			productRefGroup = 38806387226D54B100A4BEAC /* Products */;
			projectDirPath = "";
			projectRoot = "";
			targets = (
				38806385226D54B100A4BEAC /* server */,
			);
		};
/* End PBXProject section */

/* Begin PBXResourcesBuildPhase section */
		38806384226D54B100A4BEAC /* Resources */ = {
			isa = PBXResourcesBuildPhase;
			buildActionMask = 2147483647;
			files = (
				38806394226D54B400A4BEAC /* LaunchScreen.storyboard in Resources */,
				38806391226D54B400A4BEAC /* Assets.xcassets in Resources */,
				3880638F226D54B100A4BEAC /* Main.storyboard in Resources */,
			);
			runOnlyForDeploymentPostprocessing = 0;
		};
/* End PBXResourcesBuildPhase section */

/* Begin PBXShellScriptBuildPhase section */
		14F0271CB1B86CEF1B67C663 /* [CP] Embed Pods Frameworks */ = {
			isa = PBXShellScriptBuildPhase;
			buildActionMask = 2147483647;
			files = (
			);
			inputFileListPaths = (
			);
			inputPaths = (
				"${SRCROOT}/Pods/Target Support Files/Pods-server/Pods-server-frameworks.sh",
				"${BUILT_PRODUCTS_DIR}/ProtocolBuffers-Swift/ProtocolBuffers.framework",
				"${BUILT_PRODUCTS_DIR}/Realm/Realm.framework",
				"${BUILT_PRODUCTS_DIR}/RealmSwift/RealmSwift.framework",
				"${BUILT_PRODUCTS_DIR}/SwiftSocket/SwiftSocket.framework",
			);
			name = "[CP] Embed Pods Frameworks";
			outputFileListPaths = (
			);
			outputPaths = (
				"${TARGET_BUILD_DIR}/${FRAMEWORKS_FOLDER_PATH}/ProtocolBuffers.framework",
				"${TARGET_BUILD_DIR}/${FRAMEWORKS_FOLDER_PATH}/Realm.framework",
				"${TARGET_BUILD_DIR}/${FRAMEWORKS_FOLDER_PATH}/RealmSwift.framework",
				"${TARGET_BUILD_DIR}/${FRAMEWORKS_FOLDER_PATH}/SwiftSocket.framework",
			);
			runOnlyForDeploymentPostprocessing = 0;
			shellPath = /bin/sh;
			shellScript = "\"${SRCROOT}/Pods/Target Support Files/Pods-server/Pods-server-frameworks.sh\"\n";
			showEnvVarsInLog = 0;
		};
		BD85F9CA3F9ADA75113BC6E6 /* [CP] Check Pods Manifest.lock */ = {
			isa = PBXShellScriptBuildPhase;
			buildActionMask = 2147483647;
			files = (
			);
			inputFileListPaths = (
			);
			inputPaths = (
				"${PODS_PODFILE_DIR_PATH}/Podfile.lock",
				"${PODS_ROOT}/Manifest.lock",
			);
			name = "[CP] Check Pods Manifest.lock";
			outputFileListPaths = (
			);
			outputPaths = (
				"$(DERIVED_FILE_DIR)/Pods-server-checkManifestLockResult.txt",
			);
			runOnlyForDeploymentPostprocessing = 0;
			shellPath = /bin/sh;
			shellScript = "diff \"${PODS_PODFILE_DIR_PATH}/Podfile.lock\" \"${PODS_ROOT}/Manifest.lock\" > /dev/null\nif [ $? != 0 ] ; then\n    # print error to STDERR\n    echo \"error: The sandbox is not in sync with the Podfile.lock. Run 'pod install' or update your CocoaPods installation.\" >&2\n    exit 1\nfi\n# This output is used by Xcode 'outputs' to avoid re-running this script phase.\necho \"SUCCESS\" > \"${SCRIPT_OUTPUT_FILE_0}\"\n";
			showEnvVarsInLog = 0;
		};
/* End PBXShellScriptBuildPhase section */

/* Begin PBXSourcesBuildPhase section */
		38806382226D54B100A4BEAC /* Sources */ = {
			isa = PBXSourcesBuildPhase;
			buildActionMask = 2147483647;
			files = (
				38FAF09E2283B23300BCE225 /* ChatMessage.swift in Sources */,
				38FAF09F2283B23300BCE225 /* RealmTool.swift in Sources */,
				3880639E226D647D00A4BEAC /* ServerManager.swift in Sources */,
				3880638C226D54B100A4BEAC /* ViewController.swift in Sources */,
				3880638A226D54B100A4BEAC /* AppDelegate.swift in Sources */,
				38AA0276229FF8D000755C8D /* IMMessage.proto in Sources */,
				3880639D226D647D00A4BEAC /* ClientManager.swift in Sources */,
				38AA027F22A0D69F00755C8D /* Checksum.swift in Sources */,
				38AA027D229FFA7A00755C8D /* Immessage.proto.swift in Sources */,
			);
			runOnlyForDeploymentPostprocessing = 0;
		};
/* End PBXSourcesBuildPhase section */

/* Begin PBXVariantGroup section */
		3880638D226D54B100A4BEAC /* Main.storyboard */ = {
			isa = PBXVariantGroup;
			children = (
				3880638E226D54B100A4BEAC /* Base */,
			);
			name = Main.storyboard;
			sourceTree = "<group>";
		};
		38806392226D54B400A4BEAC /* LaunchScreen.storyboard */ = {
			isa = PBXVariantGroup;
			children = (
				38806393226D54B400A4BEAC /* Base */,
			);
			name = LaunchScreen.storyboard;
			sourceTree = "<group>";
		};
/* End PBXVariantGroup section */

/* Begin XCBuildConfiguration section */
		38806396226D54B400A4BEAC /* Debug */ = {
			isa = XCBuildConfiguration;
			buildSettings = {
				ALWAYS_SEARCH_USER_PATHS = NO;
				CLANG_ANALYZER_NONNULL = YES;
				CLANG_ANALYZER_NUMBER_OBJECT_CONVERSION = YES_AGGRESSIVE;
				CLANG_CXX_LANGUAGE_STANDARD = "gnu++14";
				CLANG_CXX_LIBRARY = "libc++";
				CLANG_ENABLE_MODULES = YES;
				CLANG_ENABLE_OBJC_ARC = YES;
				CLANG_ENABLE_OBJC_WEAK = YES;
				CLANG_WARN_BLOCK_CAPTURE_AUTORELEASING = YES;
				CLANG_WARN_BOOL_CONVERSION = YES;
				CLANG_WARN_COMMA = YES;
				CLANG_WARN_CONSTANT_CONVERSION = YES;
				CLANG_WARN_DEPRECATED_OBJC_IMPLEMENTATIONS = YES;
				CLANG_WARN_DIRECT_OBJC_ISA_USAGE = YES_ERROR;
				CLANG_WARN_DOCUMENTATION_COMMENTS = YES;
				CLANG_WARN_EMPTY_BODY = YES;
				CLANG_WARN_ENUM_CONVERSION = YES;
				CLANG_WARN_INFINITE_RECURSION = YES;
				CLANG_WARN_INT_CONVERSION = YES;
				CLANG_WARN_NON_LITERAL_NULL_CONVERSION = YES;
				CLANG_WARN_OBJC_IMPLICIT_RETAIN_SELF = YES;
				CLANG_WARN_OBJC_LITERAL_CONVERSION = YES;
				CLANG_WARN_OBJC_ROOT_CLASS = YES_ERROR;
				CLANG_WARN_RANGE_LOOP_ANALYSIS = YES;
				CLANG_WARN_STRICT_PROTOTYPES = YES;
				CLANG_WARN_SUSPICIOUS_MOVE = YES;
				CLANG_WARN_UNGUARDED_AVAILABILITY = YES_AGGRESSIVE;
				CLANG_WARN_UNREACHABLE_CODE = YES;
				CLANG_WARN__DUPLICATE_METHOD_MATCH = YES;
				CODE_SIGN_IDENTITY = "iPhone Developer";
				COPY_PHASE_STRIP = NO;
				DEBUG_INFORMATION_FORMAT = dwarf;
				ENABLE_STRICT_OBJC_MSGSEND = YES;
				ENABLE_TESTABILITY = YES;
				GCC_C_LANGUAGE_STANDARD = gnu11;
				GCC_DYNAMIC_NO_PIC = NO;
				GCC_NO_COMMON_BLOCKS = YES;
				GCC_OPTIMIZATION_LEVEL = 0;
				GCC_PREPROCESSOR_DEFINITIONS = (
					"DEBUG=1",
					"$(inherited)",
				);
				GCC_WARN_64_TO_32_BIT_CONVERSION = YES;
				GCC_WARN_ABOUT_RETURN_TYPE = YES_ERROR;
				GCC_WARN_UNDECLARED_SELECTOR = YES;
				GCC_WARN_UNINITIALIZED_AUTOS = YES_AGGRESSIVE;
				GCC_WARN_UNUSED_FUNCTION = YES;
				GCC_WARN_UNUSED_VARIABLE = YES;
				IPHONEOS_DEPLOYMENT_TARGET = 12.1;
				MTL_ENABLE_DEBUG_INFO = INCLUDE_SOURCE;
				MTL_FAST_MATH = YES;
				ONLY_ACTIVE_ARCH = YES;
				SDKROOT = iphoneos;
				SWIFT_ACTIVE_COMPILATION_CONDITIONS = DEBUG;
				SWIFT_OPTIMIZATION_LEVEL = "-Onone";
			};
			name = Debug;
		};
		38806397226D54B400A4BEAC /* Release */ = {
			isa = XCBuildConfiguration;
			buildSettings = {
				ALWAYS_SEARCH_USER_PATHS = NO;
				CLANG_ANALYZER_NONNULL = YES;
				CLANG_ANALYZER_NUMBER_OBJECT_CONVERSION = YES_AGGRESSIVE;
				CLANG_CXX_LANGUAGE_STANDARD = "gnu++14";
				CLANG_CXX_LIBRARY = "libc++";
				CLANG_ENABLE_MODULES = YES;
				CLANG_ENABLE_OBJC_ARC = YES;
				CLANG_ENABLE_OBJC_WEAK = YES;
				CLANG_WARN_BLOCK_CAPTURE_AUTORELEASING = YES;
				CLANG_WARN_BOOL_CONVERSION = YES;
				CLANG_WARN_COMMA = YES;
				CLANG_WARN_CONSTANT_CONVERSION = YES;
				CLANG_WARN_DEPRECATED_OBJC_IMPLEMENTATIONS = YES;
				CLANG_WARN_DIRECT_OBJC_ISA_USAGE = YES_ERROR;
				CLANG_WARN_DOCUMENTATION_COMMENTS = YES;
				CLANG_WARN_EMPTY_BODY = YES;
				CLANG_WARN_ENUM_CONVERSION = YES;
				CLANG_WARN_INFINITE_RECURSION = YES;
				CLANG_WARN_INT_CONVERSION = YES;
				CLANG_WARN_NON_LITERAL_NULL_CONVERSION = YES;
				CLANG_WARN_OBJC_IMPLICIT_RETAIN_SELF = YES;
				CLANG_WARN_OBJC_LITERAL_CONVERSION = YES;
				CLANG_WARN_OBJC_ROOT_CLASS = YES_ERROR;
				CLANG_WARN_RANGE_LOOP_ANALYSIS = YES;
				CLANG_WARN_STRICT_PROTOTYPES = YES;
				CLANG_WARN_SUSPICIOUS_MOVE = YES;
				CLANG_WARN_UNGUARDED_AVAILABILITY = YES_AGGRESSIVE;
				CLANG_WARN_UNREACHABLE_CODE = YES;
				CLANG_WARN__DUPLICATE_METHOD_MATCH = YES;
				CODE_SIGN_IDENTITY = "iPhone Developer";
				COPY_PHASE_STRIP = NO;
				DEBUG_INFORMATION_FORMAT = "dwarf-with-dsym";
				ENABLE_NS_ASSERTIONS = NO;
				ENABLE_STRICT_OBJC_MSGSEND = YES;
				GCC_C_LANGUAGE_STANDARD = gnu11;
				GCC_NO_COMMON_BLOCKS = YES;
				GCC_WARN_64_TO_32_BIT_CONVERSION = YES;
				GCC_WARN_ABOUT_RETURN_TYPE = YES_ERROR;
				GCC_WARN_UNDECLARED_SELECTOR = YES;
				GCC_WARN_UNINITIALIZED_AUTOS = YES_AGGRESSIVE;
				GCC_WARN_UNUSED_FUNCTION = YES;
				GCC_WARN_UNUSED_VARIABLE = YES;
				IPHONEOS_DEPLOYMENT_TARGET = 12.1;
				MTL_ENABLE_DEBUG_INFO = NO;
				MTL_FAST_MATH = YES;
				SDKROOT = iphoneos;
				SWIFT_COMPILATION_MODE = wholemodule;
				SWIFT_OPTIMIZATION_LEVEL = "-O";
				VALIDATE_PRODUCT = YES;
			};
			name = Release;
		};
		38806399226D54B400A4BEAC /* Debug */ = {
			isa = XCBuildConfiguration;
			baseConfigurationReference = F1A4EE434EA8274164E644D0 /* Pods-server.debug.xcconfig */;
			buildSettings = {
				ASSETCATALOG_COMPILER_APPICON_NAME = AppIcon;
				CODE_SIGN_STYLE = Automatic;
				DEVELOPMENT_TEAM = QH6865CZKU;
				INFOPLIST_FILE = server/Info.plist;
				IPHONEOS_DEPLOYMENT_TARGET = 11.2;
				LD_RUNPATH_SEARCH_PATHS = (
					"$(inherited)",
					"@executable_path/Frameworks",
				);
				PRODUCT_BUNDLE_IDENTIFIER = com.pz.666;
				PRODUCT_NAME = "$(TARGET_NAME)";
				SWIFT_VERSION = 4.2;
				TARGETED_DEVICE_FAMILY = "1,2";
			};
			name = Debug;
		};
		3880639A226D54B400A4BEAC /* Release */ = {
			isa = XCBuildConfiguration;
			baseConfigurationReference = FD0EFE8F596A5FFB014877AA /* Pods-server.release.xcconfig */;
			buildSettings = {
				ASSETCATALOG_COMPILER_APPICON_NAME = AppIcon;
				CODE_SIGN_STYLE = Automatic;
				DEVELOPMENT_TEAM = QH6865CZKU;
				INFOPLIST_FILE = server/Info.plist;
				IPHONEOS_DEPLOYMENT_TARGET = 11.2;
				LD_RUNPATH_SEARCH_PATHS = (
					"$(inherited)",
					"@executable_path/Frameworks",
				);
				PRODUCT_BUNDLE_IDENTIFIER = com.pz.666;
				PRODUCT_NAME = "$(TARGET_NAME)";
				SWIFT_VERSION = 4.2;
				TARGETED_DEVICE_FAMILY = "1,2";
			};
			name = Release;
		};
/* End XCBuildConfiguration section */

/* Begin XCConfigurationList section */
		38806381226D54B000A4BEAC /* Build configuration list for PBXProject "server" */ = {
			isa = XCConfigurationList;
			buildConfigurations = (
				38806396226D54B400A4BEAC /* Debug */,
				38806397226D54B400A4BEAC /* Release */,
			);
			defaultConfigurationIsVisible = 0;
			defaultConfigurationName = Release;
		};
		38806398226D54B400A4BEAC /* Build configuration list for PBXNativeTarget "server" */ = {
			isa = XCConfigurationList;
			buildConfigurations = (
				38806399226D54B400A4BEAC /* Debug */,
				3880639A226D54B400A4BEAC /* Release */,
			);
			defaultConfigurationIsVisible = 0;
			defaultConfigurationName = Release;
		};
/* End XCConfigurationList section */
	};
	rootObject = 3880637E226D54B000A4BEAC /* Project object */;
}
